
Microsoft Visual Studio Solution File, Format Version 12.00
# Visual Studio Version 16
VisualStudioVersion = 16.0.29609.76
MinimumVisualStudioVersion = 10.0.40219.1
Project("{FAE04EC0-301F-11D3-BF4B-00C04F79EFBC}") = "ClassLibrary1", "ClassLibrary1\ClassLibrary1.csproj", "{DBDB0F72-15AD-4887-BCEC-B94600DD4006}"
EndProject
Project("{FAE04EC0-301F-11D3-BF4B-00C04F79EFBC}") = "WebApplication1", "WebApplication1\WebApplication1.csproj", "{C0EA61A6-388F-4515-A9E0-964AE69CD71D}"
EndProject
Project("{FAE04EC0-301F-11D3-BF4B-00C04F79EFBC}") = "ConsolaTestDB", "ConsolaTestDB\ConsolaTestDB.csproj", "{38A21C40-7C8D-4914-8574-20EA2610FBE6}"
EndProject
Global
	GlobalSection(SolutionConfigurationPlatforms) = preSolution
		Debug|Any CPU = Debug|Any CPU
		Release|Any CPU = Release|Any CPU
	EndGlobalSection
	GlobalSection(ProjectConfigurationPlatforms) = postSolution
		{DBDB0F72-15AD-4887-BCEC-B94600DD4006}.Debug|Any CPU.ActiveCfg = Debug|Any CPU
		{DBDB0F72-15AD-4887-BCEC-B94600DD4006}.Debug|Any CPU.Build.0 = Debug|Any CPU
		{DBDB0F72-15AD-4887-BCEC-B94600DD4006}.Release|Any CPU.ActiveCfg = Release|Any CPU
		{DBDB0F72-15AD-4887-BCEC-B94600DD4006}.Release|Any CPU.Build.0 = Release|Any CPU
		{C0EA61A6-388F-4515-A9E0-964AE69CD71D}.Debug|Any CPU.ActiveCfg = Debug|Any CPU
		{C0EA61A6-388F-4515-A9E0-964AE69CD71D}.Debug|Any CPU.Build.0 = Debug|Any CPU
		{C0EA61A6-388F-4515-A9E0-964AE69CD71D}.Release|Any CPU.ActiveCfg = Release|Any CPU
		{C0EA61A6-388F-4515-A9E0-964AE69CD71D}.Release|Any CPU.Build.0 = Release|Any CPU
		{38A21C40-7C8D-4914-8574-20EA2610FBE6}.Debug|Any CPU.ActiveCfg = Debug|Any CPU
		{38A21C40-7C8D-4914-8574-20EA2610FBE6}.Debug|Any CPU.Build.0 = Debug|Any CPU
		{38A21C40-7C8D-4914-8574-20EA2610FBE6}.Release|Any CPU.ActiveCfg = Release|Any CPU
		{38A21C40-7C8D-4914-8574-20EA2610FBE6}.Release|Any CPU.Build.0 = Release|Any CPU
	EndGlobalSection
	GlobalSection(SolutionProperties) = preSolution
		HideSolutionNode = FALSE
	EndGlobalSection
	GlobalSection(ExtensibilityGlobals) = postSolution
		SolutionGuid = {1BED0A51-4112-4417-A65C-7D5CC9712DF5}
	EndGlobalSection
EndGlobal
